--- 
dependencies: 
  faker: 
    group: 
    - :cucumber
    version: ">= 0"
  rails: 
    group: 
    - :default
    version: = 2.3.5
  searchlogic: 
    group: 
    - :default
    version: ">= 2.4.14"
  authlogic: 
    group: 
    - :default
    version: ">= 0"
  sqlite3-ruby: 
    group: 
    - :default
    version: = 1.2.5
    require: 
    - sqlite3
  prawn: 
    group: 
    - :default
    version: ">= 0.7.2"
  shoulda: 
    group: 
    - :test
    version: = 2.10.3
    require: 
    - shoulda
  machinist: 
    group: 
    - :cucumber
    version: ">= 0"
  database_cleaner: 
    group: 
    - :cucumber
    version: ">= 0.5.0"
    require: []

  tpitale-constant_cache: 
    group: 
    - :default
    version: ">= 0.1.2"
    require: 
    - constant_cache
  will_paginate: 
    group: 
    - :default
    version: ~> 2.3.11
  mocha: 
    group: 
    - :test
    version: ">= 0"
  cucumber-rails: 
    group: 
    - :cucumber
    version: ">= 0.3.0"
    require: []

  webrat: 
    group: 
    - :cucumber
    version: ">= 0.7.0"
    require: []

  redgreen: 
    group: 
    - :default
    version: ">= 1.2.2"
  pickle: 
    group: 
    - :cucumber
    version: ">= 0"
    require: []

  pdf-reader: 
    group: 
    - :test
    version: ">= 0"
  rubyzip: 
    group: 
    - :default
    version: ">= 0.9.4"
    require: 
    - zip/zip
  cancan: 
    group: 
    - :default
    version: ">= 0"
specs: 
- rake: 
    version: 0.8.7
- Ascii85: 
    version: 1.0.0
- activesupport: 
    version: 2.3.5
- rack: 
    version: 1.0.1
- actionpack: 
    version: 2.3.5
- actionmailer: 
    version: 2.3.5
- activerecord: 
    version: 2.3.5
- activeresource: 
    version: 2.3.5
- authlogic: 
    version: 2.1.5
- builder: 
    version: 2.1.2
- cancan: 
    version: 1.2.0
- diff-lcs: 
    version: 1.1.2
- trollop: 
    version: 1.16.2
- gherkin: 
    version: 2.1.5
- json_pure: 
    version: 1.4.3
- term-ansicolor: 
    version: 1.0.5
- cucumber: 
    version: 0.8.5
- cucumber-rails: 
    version: 0.3.2
- database_cleaner: 
    version: 0.5.2
- faker: 
    version: 0.3.1
- machinist: 
    version: 1.0.6
- mocha: 
    version: 0.9.8
- nokogiri: 
    version: 1.4.2
- pdf-reader: 
    version: 0.8.5
- pickle: 
    version: 0.3.0
- prawn-core: 
    version: 0.8.4
- prawn-layout: 
    version: 0.8.4
- prawn-security: 
    version: 0.8.4
- prawn: 
    version: 0.8.4
- rack-test: 
    version: 0.5.4
- rails: 
    version: 2.3.5
- redgreen: 
    version: 1.2.2
- rubyzip: 
    version: 0.9.4
- searchlogic: 
    version: 2.4.21
- shoulda: 
    version: 2.10.3
- sqlite3-ruby: 
    version: 1.2.5
- tpitale-constant_cache: 
    version: 0.1.2
- webrat: 
    version: 0.7.1
- will_paginate: 
    version: 2.3.14
hash: d2a475b9fcd434e0594187df2972077af1e9b857
sources: 
- Rubygems: 
    uri: http://gemcutter.org
